{
  "nodes": {
    "gen-algebra": {
      "locked": {
        "lastModified": 1790663912,
        "narHash": "sha256-XsR6yF32MovhFb7oPmkjlCLJheAHDGjYIXMEtv1Qo4E=",
        "owner": "sini",
        "repo": "gen-algebra",
        "rev": "12c77d8426c3fe072d961fff1b349bb4160d1581",
        "type": "github"
      },
      "original": {
        "owner": "sini",
        "repo": "gen-algebra",
        "type": "github"
      }
    },
    "gen-aspects": {
      "inputs": {
        "gen-identity": [
          "gen-identity"
        ],
        "gen-merge": [
          "gen-merge"
        ],
        "gen-prelude": [
          "gen-prelude"
        ],
        "gen-schema": [
          "gen-schema"
        ]
      },
      "locked": {
        "lastModified": 1790664215,
        "narHash": "sha256-52mfGia3iaZP/HmyJaUgABTTSXMTIgWRG/VG4RVplc4=",
        "owner": "sini",
        "repo": "gen-aspects",
        "rev": "9f7c591e624f7f48f31ae246809a22c9229823b8",
        "type": "github"
      },
      "original": {
        "owner": "sini",
        "repo": "gen-aspects",
        "type": "github"
      }
    },
    "gen-assemble": {
      "inputs": {
        "gen-algebra": [
          "gen-algebra"
        ],
        "gen-prelude": [
          "gen-prelude"
        ],
        "gen-scope": [
          "gen-scope"
        ]
      },
      "locked": {
        "lastModified": 1790663987,
        "narHash": "sha256-stbdt1RUO5LgDkbQSNfdN8U3dmUxHELVDcZMqHnalb4=",
        "owner": "sini",
        "repo": "gen-assemble",
        "rev": "795872e3f33bd40aa20b13304e83aaa3213bac0d",
        "type": "github"
      },
      "original": {
        "owner": "sini",
        "repo": "gen-assemble",
        "type": "github"
      }
    },
    "gen-bind": {
      "inputs": {
        "gen-graph": [
          "gen-graph"
        ],
        "gen-prelude": [
          "gen-prelude"
        ]
      },
      "locked": {
        "lastModified": 1790664275,
        "narHash": "sha256-dHxPDp8wWcFsEdnDXdavP0w5Wf0YXyLfULfYPjK5nZE=",
        "owner": "sini",
        "repo": "gen-bind",
        "rev": "05be9d20e2e6c1e91a1442ab35572f8487aec34c",
        "type": "github"
      },
      "original": {
        "owner": "sini",
        "repo": "gen-bind",
        "type": "github"
      }
    },
    "gen-class": {
      "inputs": {
        "gen-merge": [
          "gen-merge"
        ],
        "gen-prelude": [
          "gen-prelude"
        ]
      },
      "locked": {
        "lastModified": 1790664185,
        "narHash": "sha256-nREGsrerhvZmVyDy6ZivAtt/ZoBbHg3eknuRWZAMmxc=",
        "owner": "sini",
        "repo": "gen-class",
        "rev": "72aeb31a44adae7a1c596fa1bf1ac8a9e8441d97",
        "type": "github"
      },
      "original": {
        "owner": "sini",
        "repo": "gen-class",
        "type": "github"
      }
    },
    "gen-delivery": {
      "inputs": {
        "gen-algebra": [
          "gen-algebra"
        ],
        "gen-aspects": [
          "gen-aspects"
        ],
        "gen-prelude": [
          "gen-prelude"
        ]
      },
      "locked": {
        "lastModified": 1790664238,
        "narHash": "sha256-OavuNx+F26gSyM41HXtrpyD2v+vdfUy+XheqbGITBmk=",
        "owner": "sini",
        "repo": "gen-delivery",
        "rev": "5134fb80ffe55d8e34131021c3b602657c7ba666",
        "type": "github"
      },
      "original": {
        "owner": "sini",
        "repo": "gen-delivery",
        "type": "github"
      }
    },
    "gen-dispatch": {
      "inputs": {
        "gen-prelude": [
          "gen-prelude"
        ]
      },
      "locked": {
        "lastModified": 1790665681,
        "narHash": "sha256-XKEpNxIKttj0EgNurEyd7iM7PYF/nRcgNwjSprQlB5Q=",
        "owner": "sini",
        "repo": "gen-dispatch",
        "rev": "7fe2f1b3a4aefbbae070653e72c3cf3e990d1e23",
        "type": "github"
      },
      "original": {
        "owner": "sini",
        "repo": "gen-dispatch",
        "type": "github"
      }
    },
    "gen-graph": {
      "inputs": {
        "gen-prelude": [
          "gen-prelude"
        ]
      },
      "locked": {
        "lastModified": 1790663926,
        "narHash": "sha256-dHvOWbiqfbiatWbzY+jAy66/bVsV1K7XakiPqmOZydU=",
        "owner": "sini",
        "repo": "gen-graph",
        "rev": "e8390c265726137ef4fcc54faade70bc4d52ab46",
        "type": "github"
      },
      "original": {
        "owner": "sini",
        "repo": "gen-graph",
        "type": "github"
      }
    },
    "gen-identity": {
      "locked": {
        "lastModified": 1790660190,
        "narHash": "sha256-uAqudlpMl0+9POaMTD6r6T2kja9czCDtuabk0ma24nE=",
        "owner": "sini",
        "repo": "gen-identity",
        "rev": "c92295516d6abed1660a0d43b9607b5290737445",
        "type": "github"
      },
      "original": {
        "owner": "sini",
        "repo": "gen-identity",
        "type": "github"
      }
    },
    "gen-inspect": {
      "inputs": {
        "gen-graph": [
          "gen-graph"
        ],
        "gen-prelude": [
          "gen-prelude"
        ],
        "gen-program": [
          "gen-program"
        ],
        "gen-scope": [
          "gen-scope"
        ],
        "gen-select": [
          "gen-select"
        ]
      },
      "locked": {
        "lastModified": 1790665686,
        "narHash": "sha256-Hzub/iJ+HAgoM6T9cNlZOwph2z7iQGMUNs2nPSeHBKg=",
        "owner": "sini",
        "repo": "gen-inspect",
        "rev": "0a4dd788583585ad25d5c881526bae0999b06abe",
        "type": "github"
      },
      "original": {
        "owner": "sini",
        "repo": "gen-inspect",
        "type": "github"
      }
    },
    "gen-link": {
      "inputs": {
        "gen-algebra": [
          "gen-algebra"
        ],
        "gen-aspects": [
          "gen-aspects"
        ],
        "gen-identity": [
          "gen-identity"
        ],
        "gen-prelude": [
          "gen-prelude"
        ],
        "gen-schema": [
          "gen-schema"
        ],
        "gen-scope": [
          "gen-scope"
        ],
        "gen-view": [
          "gen-view"
        ]
      },
      "locked": {
        "lastModified": 1790664251,
        "narHash": "sha256-goT+1FYx4DKGfhvLb9FYUDpB6AoijtV7ASjt1vgjXvk=",
        "owner": "sini",
        "repo": "gen-link",
        "rev": "07ba229b2952d9726a9d944f85129ff74f4680d6",
        "type": "github"
      },
      "original": {
        "owner": "sini",
        "repo": "gen-link",
        "type": "github"
      }
    },
    "gen-memo": {
      "inputs": {
        "gen-graph": [
          "gen-graph"
        ],
        "gen-prelude": [
          "gen-prelude"
        ]
      },
      "locked": {
        "lastModified": 1790663996,
        "narHash": "sha256-Le/yjyD2qUil5vWOEMP5S9E8JT8Raq5mnm+G5Y1TsuY=",
        "owner": "sini",
        "repo": "gen-memo",
        "rev": "a96435003549141c06cd530f372fe3ba63fd36e3",
        "type": "github"
      },
      "original": {
        "owner": "sini",
        "repo": "gen-memo",
        "type": "github"
      }
    },
    "gen-merge": {
      "inputs": {
        "gen-memo": [
          "gen-memo"
        ],
        "gen-prelude": [
          "gen-prelude"
        ],
        "gen-scope": [
          "gen-scope"
        ],
        "gen-types": [
          "gen-types"
        ]
      },
      "locked": {
        "lastModified": 1790664155,
        "narHash": "sha256-fpW5y518xst24GhAWYrKMNuYO47Ae6Aee6xvUxlKFEY=",
        "owner": "sini",
        "repo": "gen-merge",
        "rev": "524303635a58abf593f95c71ea61f8822473cb54",
        "type": "github"
      },
      "original": {
        "owner": "sini",
        "repo": "gen-merge",
        "type": "github"
      }
    },
    "gen-prelude": {
      "locked": {
        "lastModified": 1790660234,
        "narHash": "sha256-QUf8taPpIXhTH94Hi+v5qdiy2Fn/Ol5yICt5kIRFmO8=",
        "owner": "sini",
        "repo": "gen-prelude",
        "rev": "f0b96e274f251b547e2f4f6e09bb2a4c12b1e165",
        "type": "github"
      },
      "original": {
        "owner": "sini",
        "repo": "gen-prelude",
        "type": "github"
      }
    },
    "gen-product": {
      "inputs": {
        "gen-prelude": [
          "gen-prelude"
        ]
      },
      "locked": {
        "lastModified": 1790663954,
        "narHash": "sha256-l+Bm4szLy3tLEZY4mQcXkBI2HqpWYpp7SB6r/7OSTRA=",
        "owner": "sini",
        "repo": "gen-product",
        "rev": "9f1b207cb666a62ec7777c5b6b4189e6b1ff9cf1",
        "type": "github"
      },
      "original": {
        "owner": "sini",
        "repo": "gen-product",
        "type": "github"
      }
    },
    "gen-program": {
      "inputs": {
        "gen-prelude": [
          "gen-prelude"
        ],
        "gen-scope": [
          "gen-scope"
        ]
      },
      "locked": {
        "lastModified": 1790663985,
        "narHash": "sha256-HzeYtELA+4NWQJdR4/G05ZzBYlHRaF2cP7rprV1sRqc=",
        "owner": "sini",
        "repo": "gen-program",
        "rev": "d54dc8d4c637190f3de20435b27a0f66811337c7",
        "type": "github"
      },
      "original": {
        "owner": "sini",
        "repo": "gen-program",
        "type": "github"
      }
    },
    "gen-schema": {
      "inputs": {
        "gen-algebra": [
          "gen-algebra"
        ],
        "gen-graph": [
          "gen-graph"
        ],
        "gen-identity": [
          "gen-identity"
        ],
        "gen-merge": [
          "gen-merge"
        ],
        "gen-prelude": [
          "gen-prelude"
        ]
      },
      "locked": {
        "lastModified": 1790664188,
        "narHash": "sha256-M0X651wLkp9vzPYk0raN0hWYyOUSpdok+R/P+7AhPo8=",
        "owner": "sini",
        "repo": "gen-schema",
        "rev": "1a7dac59e6b32f653120de9d16ba490aa1d3e934",
        "type": "github"
      },
      "original": {
        "owner": "sini",
        "repo": "gen-schema",
        "type": "github"
      }
    },
    "gen-scope": {
      "inputs": {
        "gen-graph": [
          "gen-graph"
        ],
        "gen-identity": [
          "gen-identity"
        ],
        "gen-prelude": [
          "gen-prelude"
        ]
      },
      "locked": {
        "lastModified": 1790663962,
        "narHash": "sha256-UsBQTfkrocH0Z+v115kr070L+xD9fnSjWO7ybCy+MtM=",
        "owner": "sini",
        "repo": "gen-scope",
        "rev": "b4418fa822e85a5b3790fbe16bb36a87eddc6434",
        "type": "github"
      },
      "original": {
        "owner": "sini",
        "repo": "gen-scope",
        "type": "github"
      }
    },
    "gen-select": {
      "inputs": {
        "gen-algebra": [
          "gen-algebra"
        ]
      },
      "locked": {
        "lastModified": 1790665261,
        "narHash": "sha256-IhzVhMtwZG4pr3N288ufuntPwcMAbT432Uqs2es6GZI=",
        "owner": "sini",
        "repo": "gen-select",
        "rev": "93f1dcdec8b5f6046da1979d9fbb51240fd12115",
        "type": "github"
      },
      "original": {
        "owner": "sini",
        "repo": "gen-select",
        "type": "github"
      }
    },
    "gen-settings": {
      "inputs": {
        "gen-algebra": [
          "gen-algebra"
        ],
        "gen-bind": [
          "gen-bind"
        ],
        "gen-graph": [
          "gen-graph"
        ],
        "gen-identity": [
          "gen-identity"
        ],
        "gen-prelude": [
          "gen-prelude"
        ],
        "gen-schema": [
          "gen-schema"
        ],
        "gen-types": [
          "gen-types"
        ]
      },
      "locked": {
        "lastModified": 1790664305,
        "narHash": "sha256-Ct6FG2TcqgoFaWMDxf6utdT9DJBnIt3LJdUPtriRzP0=",
        "owner": "sini",
        "repo": "gen-settings",
        "rev": "550c21648879ae89a502bbf92faa1e3b9db542fa",
        "type": "github"
      },
      "original": {
        "owner": "sini",
        "repo": "gen-settings",
        "type": "github"
      }
    },
    "gen-types": {
      "inputs": {
        "gen-identity": [
          "gen-identity"
        ],
        "gen-prelude": [
          "gen-prelude"
        ]
      },
      "locked": {
        "lastModified": 1790663924,
        "narHash": "sha256-vY7Nu0Mk+n6laKlguvoDTOCwbOaZCC/zhmKDkYerY+4=",
        "owner": "sini",
        "repo": "gen-types",
        "rev": "efe4d59a455c0afd2061e89781aaa8239746c91c",
        "type": "github"
      },
      "original": {
        "owner": "sini",
        "repo": "gen-types",
        "type": "github"
      }
    },
    "gen-view": {
      "inputs": {
        "gen-graph": [
          "gen-graph"
        ],
        "gen-prelude": [
          "gen-prelude"
        ]
      },
      "locked": {
        "lastModified": 1790664002,
        "narHash": "sha256-Zs5xa02R8EzxDem8roumNXLBVEIHIv/Ru2xwkqf55sY=",
        "owner": "sini",
        "repo": "gen-view",
        "rev": "4bf2fa9392bcc55f3c6793d72f700f3c5b60b6ef",
        "type": "github"
      },
      "original": {
        "owner": "sini",
        "repo": "gen-view",
        "type": "github"
      }
    },
    "import-tree": {
      "locked": {
        "lastModified": 1783029876,
        "narHash": "sha256-iI88R3wHz8wTKQb5orvpc51L/Xr64AJyxid/0MKa/b8=",
        "owner": "denful",
        "repo": "import-tree",
        "rev": "a164a12202f58eb67559bd33b5592f20660d9baf",
        "type": "github"
      },
      "original": {
        "owner": "denful",
        "repo": "import-tree",
        "rev": "a164a12202f58eb67559bd33b5592f20660d9baf",
        "type": "github"
      }
    },
    "nixpkgs": {
      "locked": {
        "lastModified": 1790578696,
        "narHash": "sha256-EvoKOTtoIJ7Xflls2Nfo5WDcqjFJB0kuzwOz0nLWs0w=",
        "rev": "7a0f122f5090cf4c2ade2a13a0e229d4e19ba71f",
        "type": "tarball",
        "url": "https://releases.nixos.org/nixos/unstable/nixos-26.11pre1080855.7a0f122f5090/nixexprs.tar.xz"
      },
      "original": {
        "type": "tarball",
        "url": "https://channels.nixos.org/nixos-unstable/nixexprs.tar.xz"
      }
    },
    "root": {
      "inputs": {
        "gen-algebra": "gen-algebra",
        "gen-aspects": "gen-aspects",
        "gen-assemble": "gen-assemble",
        "gen-bind": "gen-bind",
        "gen-class": "gen-class",
        "gen-delivery": "gen-delivery",
        "gen-dispatch": "gen-dispatch",
        "gen-graph": "gen-graph",
        "gen-identity": "gen-identity",
        "gen-inspect": "gen-inspect",
        "gen-link": "gen-link",
        "gen-memo": "gen-memo",
        "gen-merge": "gen-merge",
        "gen-prelude": "gen-prelude",
        "gen-product": "gen-product",
        "gen-program": "gen-program",
        "gen-schema": "gen-schema",
        "gen-scope": "gen-scope",
        "gen-select": "gen-select",
        "gen-settings": "gen-settings",
        "gen-types": "gen-types",
        "gen-view": "gen-view",
        "import-tree": "import-tree",
        "nixpkgs": "nixpkgs"
      }
    }
  },
  "root": "root",
  "version": 7
}
