{
  "nodes": {
    "gen-algebra": {
      "locked": {
        "lastModified": 1790582314,
        "narHash": "sha256-whi8ymeG0x9rdsJMqVbK/l/n2gsJ8qp85jnx9aWATjw=",
        "owner": "sini",
        "repo": "gen-algebra",
        "rev": "806c15e03cf2428404c08aca83c293dccca167be",
        "type": "github"
      },
      "original": {
        "owner": "sini",
        "repo": "gen-algebra",
        "type": "github"
      }
    },
    "gen-aspects": {
      "inputs": {
        "gen-identity": [
          "gen-identity"
        ],
        "gen-merge": [
          "gen-merge"
        ],
        "gen-prelude": [
          "gen-prelude"
        ],
        "gen-schema": [
          "gen-schema"
        ]
      },
      "locked": {
        "lastModified": 1790582566,
        "narHash": "sha256-zz2+mdRJw3Yd1r5NPIR2cZlXGRHedIeDbEhlore5LrY=",
        "owner": "sini",
        "repo": "gen-aspects",
        "rev": "2fc18e3160f86ea020470384c3df8cfae23066bb",
        "type": "github"
      },
      "original": {
        "owner": "sini",
        "repo": "gen-aspects",
        "type": "github"
      }
    },
    "gen-assemble": {
      "inputs": {
        "gen-algebra": [
          "gen-algebra"
        ],
        "gen-prelude": [
          "gen-prelude"
        ],
        "gen-scope": [
          "gen-scope"
        ]
      },
      "locked": {
        "lastModified": 1790582384,
        "narHash": "sha256-vH15dQJjuyTjDX8+Ro9Rth58ABQB65UyT9rSKBjIWUM=",
        "owner": "sini",
        "repo": "gen-assemble",
        "rev": "d784a8d34e96d0793c980aae5f7b45ae52346455",
        "type": "github"
      },
      "original": {
        "owner": "sini",
        "repo": "gen-assemble",
        "type": "github"
      }
    },
    "gen-bind": {
      "inputs": {
        "gen-graph": [
          "gen-graph"
        ],
        "gen-prelude": [
          "gen-prelude"
        ]
      },
      "locked": {
        "lastModified": 1790582622,
        "narHash": "sha256-As3NMS9CYw7rPtqxacx3xlpZKC2mu5DXtD3oPAh1Bhs=",
        "owner": "sini",
        "repo": "gen-bind",
        "rev": "b02e3952602addadb57ca83a646404d30fc74873",
        "type": "github"
      },
      "original": {
        "owner": "sini",
        "repo": "gen-bind",
        "type": "github"
      }
    },
    "gen-class": {
      "inputs": {
        "gen-merge": [
          "gen-merge"
        ],
        "gen-prelude": [
          "gen-prelude"
        ]
      },
      "locked": {
        "lastModified": 1790582539,
        "narHash": "sha256-AoxQzVZVOBzmxop8oEc+ss5FOWAaTeTiy80oYu5YywY=",
        "owner": "sini",
        "repo": "gen-class",
        "rev": "a102cdbcc751f05b2dd5d29ef923aaec1819659b",
        "type": "github"
      },
      "original": {
        "owner": "sini",
        "repo": "gen-class",
        "type": "github"
      }
    },
    "gen-delivery": {
      "inputs": {
        "gen-algebra": [
          "gen-algebra"
        ],
        "gen-aspects": [
          "gen-aspects"
        ],
        "gen-prelude": [
          "gen-prelude"
        ]
      },
      "locked": {
        "lastModified": 1790582588,
        "narHash": "sha256-aAtUxvQtTfBeAT4De8MtnUW9oi5JediJGEQLteeaTiY=",
        "owner": "sini",
        "repo": "gen-delivery",
        "rev": "a5332d151a855060cb22cdebfe6373e0a0e9c1dd",
        "type": "github"
      },
      "original": {
        "owner": "sini",
        "repo": "gen-delivery",
        "type": "github"
      }
    },
    "gen-dispatch": {
      "inputs": {
        "gen-prelude": [
          "gen-prelude"
        ]
      },
      "locked": {
        "lastModified": 1790582587,
        "narHash": "sha256-vdDTOtl2Ia2JJ0e8zqLqZLaJqn0E+CpVjnvM5h+T7oQ=",
        "owner": "sini",
        "repo": "gen-dispatch",
        "rev": "622f41ea483f85d160f3be273322f1a6c3d482d8",
        "type": "github"
      },
      "original": {
        "owner": "sini",
        "repo": "gen-dispatch",
        "type": "github"
      }
    },
    "gen-graph": {
      "inputs": {
        "gen-prelude": [
          "gen-prelude"
        ]
      },
      "locked": {
        "lastModified": 1790582325,
        "narHash": "sha256-EwlQ7r7kzu8LkEkjayH89GDl1eIRcZZvjhGK3jCm2+8=",
        "owner": "sini",
        "repo": "gen-graph",
        "rev": "9b2d5d2b3dc5606506a1307f7115011bed29d8c8",
        "type": "github"
      },
      "original": {
        "owner": "sini",
        "repo": "gen-graph",
        "type": "github"
      }
    },
    "gen-identity": {
      "locked": {
        "lastModified": 1790582293,
        "narHash": "sha256-/AcgXDuxBKJmq1Vu0u9dluMskTfdxKvaBEGXeFkOARc=",
        "owner": "sini",
        "repo": "gen-identity",
        "rev": "cd96f8096bf6832bbb2de4f497984cc3bc6a54e1",
        "type": "github"
      },
      "original": {
        "owner": "sini",
        "repo": "gen-identity",
        "type": "github"
      }
    },
    "gen-inspect": {
      "inputs": {
        "gen-graph": [
          "gen-graph"
        ],
        "gen-prelude": [
          "gen-prelude"
        ],
        "gen-program": [
          "gen-program"
        ],
        "gen-scope": [
          "gen-scope"
        ],
        "gen-select": [
          "gen-select"
        ]
      },
      "locked": {
        "lastModified": 1790582597,
        "narHash": "sha256-xScsD09Jn+dhOwdzJ79+fw6zLyZlUnFMi62x3MnIfz4=",
        "owner": "sini",
        "repo": "gen-inspect",
        "rev": "caaba76bc475e282c83cf6a5ec19c4fb02fdb1a9",
        "type": "github"
      },
      "original": {
        "owner": "sini",
        "repo": "gen-inspect",
        "type": "github"
      }
    },
    "gen-link": {
      "inputs": {
        "gen-algebra": [
          "gen-algebra"
        ],
        "gen-aspects": [
          "gen-aspects"
        ],
        "gen-identity": [
          "gen-identity"
        ],
        "gen-prelude": [
          "gen-prelude"
        ],
        "gen-schema": [
          "gen-schema"
        ],
        "gen-scope": [
          "gen-scope"
        ],
        "gen-view": [
          "gen-view"
        ]
      },
      "locked": {
        "lastModified": 1790582598,
        "narHash": "sha256-RgLTkbByLcH7ni31Q28BEi5Bcl8mfRD/NiD86M6l2Rg=",
        "owner": "sini",
        "repo": "gen-link",
        "rev": "099f2ce61140ef7eebacecfbb7eebfcb5df7f34b",
        "type": "github"
      },
      "original": {
        "owner": "sini",
        "repo": "gen-link",
        "type": "github"
      }
    },
    "gen-memo": {
      "inputs": {
        "gen-graph": [
          "gen-graph"
        ],
        "gen-prelude": [
          "gen-prelude"
        ]
      },
      "locked": {
        "lastModified": 1790582373,
        "narHash": "sha256-x0eRAYGaQcCjMTymum/qCa+o9A4CPvjksbQ2mWN8MUk=",
        "owner": "sini",
        "repo": "gen-memo",
        "rev": "39c205b392c83cd846662c22b4507dc940172a59",
        "type": "github"
      },
      "original": {
        "owner": "sini",
        "repo": "gen-memo",
        "type": "github"
      }
    },
    "gen-merge": {
      "inputs": {
        "gen-memo": [
          "gen-memo"
        ],
        "gen-prelude": [
          "gen-prelude"
        ],
        "gen-scope": [
          "gen-scope"
        ],
        "gen-types": [
          "gen-types"
        ]
      },
      "locked": {
        "lastModified": 1790582516,
        "narHash": "sha256-IdygM8F7x5eaoQgdgM9ibschrCz8m3rJNNl9nfob5rA=",
        "owner": "sini",
        "repo": "gen-merge",
        "rev": "63e2510333e25dec88a33b4778ad8c84e95e1a4f",
        "type": "github"
      },
      "original": {
        "owner": "sini",
        "repo": "gen-merge",
        "type": "github"
      }
    },
    "gen-prelude": {
      "locked": {
        "lastModified": 1790582293,
        "narHash": "sha256-H55W4kqNvslpCh2bJfdxETezssiqev5mgA+0e5yKQbo=",
        "owner": "sini",
        "repo": "gen-prelude",
        "rev": "6b934a60be885b2454b0a1c7863489e1f36beb14",
        "type": "github"
      },
      "original": {
        "owner": "sini",
        "repo": "gen-prelude",
        "type": "github"
      }
    },
    "gen-product": {
      "inputs": {
        "gen-prelude": [
          "gen-prelude"
        ]
      },
      "locked": {
        "lastModified": 1790582345,
        "narHash": "sha256-7cjct4noyMhLb50Egr6Gk6pFf7jR8QP0HH8SMINctho=",
        "owner": "sini",
        "repo": "gen-product",
        "rev": "c7cd1f8d53582f5208c9eb216ea732f16740cde7",
        "type": "github"
      },
      "original": {
        "owner": "sini",
        "repo": "gen-product",
        "type": "github"
      }
    },
    "gen-program": {
      "inputs": {
        "gen-prelude": [
          "gen-prelude"
        ],
        "gen-scope": [
          "gen-scope"
        ]
      },
      "locked": {
        "lastModified": 1790582372,
        "narHash": "sha256-10Npy0y0PW97sQpvV/xo6MKl8qy4BfMBSNEy51sKNjU=",
        "owner": "sini",
        "repo": "gen-program",
        "rev": "cd09231ac953d87e0ac613bab11cae6d43746615",
        "type": "github"
      },
      "original": {
        "owner": "sini",
        "repo": "gen-program",
        "type": "github"
      }
    },
    "gen-schema": {
      "inputs": {
        "gen-algebra": [
          "gen-algebra"
        ],
        "gen-graph": [
          "gen-graph"
        ],
        "gen-identity": [
          "gen-identity"
        ],
        "gen-merge": [
          "gen-merge"
        ],
        "gen-prelude": [
          "gen-prelude"
        ]
      },
      "locked": {
        "lastModified": 1790582543,
        "narHash": "sha256-Q0n5AaSd+HmecScRkBcBrRAWqaGKAOoipxpL/Uu4vHQ=",
        "owner": "sini",
        "repo": "gen-schema",
        "rev": "758447b14688267278e56d4784f05a505f29a472",
        "type": "github"
      },
      "original": {
        "owner": "sini",
        "repo": "gen-schema",
        "type": "github"
      }
    },
    "gen-scope": {
      "inputs": {
        "gen-graph": [
          "gen-graph"
        ],
        "gen-identity": [
          "gen-identity"
        ],
        "gen-prelude": [
          "gen-prelude"
        ]
      },
      "locked": {
        "lastModified": 1790582350,
        "narHash": "sha256-F/hbcussc6dH0lzl9H5BNJ9mBW28yI8kedLsjyiPPK0=",
        "owner": "sini",
        "repo": "gen-scope",
        "rev": "f56ee4a229ac78a862e817ee85659ef52f4e64a0",
        "type": "github"
      },
      "original": {
        "owner": "sini",
        "repo": "gen-scope",
        "type": "github"
      }
    },
    "gen-select": {
      "inputs": {
        "gen-algebra": [
          "gen-algebra"
        ]
      },
      "locked": {
        "lastModified": 1790582566,
        "narHash": "sha256-58n4ziwxyzNbT0isEerRjqP8I6xcHYGtLPpbyFawBBI=",
        "owner": "sini",
        "repo": "gen-select",
        "rev": "d1d72f958e687fad588e18cd0f79ceebc0b29dc6",
        "type": "github"
      },
      "original": {
        "owner": "sini",
        "repo": "gen-select",
        "type": "github"
      }
    },
    "gen-settings": {
      "inputs": {
        "gen-algebra": [
          "gen-algebra"
        ],
        "gen-bind": [
          "gen-bind"
        ],
        "gen-graph": [
          "gen-graph"
        ],
        "gen-identity": [
          "gen-identity"
        ],
        "gen-prelude": [
          "gen-prelude"
        ],
        "gen-schema": [
          "gen-schema"
        ],
        "gen-types": [
          "gen-types"
        ]
      },
      "locked": {
        "lastModified": 1790582650,
        "narHash": "sha256-NEJTjWhrsHXtEkxKO+uXBPIC2yy7OFQ5j2dMoOdRmw8=",
        "owner": "sini",
        "repo": "gen-settings",
        "rev": "5b37a5a026ca3ecc18288b8b7bf911b24288214e",
        "type": "github"
      },
      "original": {
        "owner": "sini",
        "repo": "gen-settings",
        "type": "github"
      }
    },
    "gen-types": {
      "inputs": {
        "gen-identity": [
          "gen-identity"
        ],
        "gen-prelude": [
          "gen-prelude"
        ]
      },
      "locked": {
        "lastModified": 1790582324,
        "narHash": "sha256-t/51pNq8f6+ZcreDC0xfeBCX/ryfd6pD4tWwwj+THxU=",
        "owner": "sini",
        "repo": "gen-types",
        "rev": "cb4967095b408b6bc73e4866c20f0300bcf0a804",
        "type": "github"
      },
      "original": {
        "owner": "sini",
        "repo": "gen-types",
        "type": "github"
      }
    },
    "gen-view": {
      "inputs": {
        "gen-graph": [
          "gen-graph"
        ],
        "gen-prelude": [
          "gen-prelude"
        ]
      },
      "locked": {
        "lastModified": 1790582386,
        "narHash": "sha256-BiBfFSnDfeuJwmhZxn4lal4yGGDBTttHIGjfZK8A2v0=",
        "owner": "sini",
        "repo": "gen-view",
        "rev": "de46080aa4c9c1f3598a144abb25e4f06b189e0f",
        "type": "github"
      },
      "original": {
        "owner": "sini",
        "repo": "gen-view",
        "type": "github"
      }
    },
    "import-tree": {
      "locked": {
        "lastModified": 1783029876,
        "narHash": "sha256-iI88R3wHz8wTKQb5orvpc51L/Xr64AJyxid/0MKa/b8=",
        "owner": "denful",
        "repo": "import-tree",
        "rev": "a164a12202f58eb67559bd33b5592f20660d9baf",
        "type": "github"
      },
      "original": {
        "owner": "denful",
        "repo": "import-tree",
        "rev": "a164a12202f58eb67559bd33b5592f20660d9baf",
        "type": "github"
      }
    },
    "nixpkgs": {
      "locked": {
        "lastModified": 1790463110,
        "narHash": "sha256-VZHcT2wKLkApBCACQ2SH4P1jVZUbbOA7jWAGi1MIViw=",
        "rev": "e158d9ed9b51c98974c5e66e1ba1c9e0255fecaa",
        "type": "tarball",
        "url": "https://releases.nixos.org/nixos/unstable/nixos-26.11pre1080189.e158d9ed9b51/nixexprs.tar.xz"
      },
      "original": {
        "type": "tarball",
        "url": "https://channels.nixos.org/nixos-unstable/nixexprs.tar.xz"
      }
    },
    "root": {
      "inputs": {
        "gen-algebra": "gen-algebra",
        "gen-aspects": "gen-aspects",
        "gen-assemble": "gen-assemble",
        "gen-bind": "gen-bind",
        "gen-class": "gen-class",
        "gen-delivery": "gen-delivery",
        "gen-dispatch": "gen-dispatch",
        "gen-graph": "gen-graph",
        "gen-identity": "gen-identity",
        "gen-inspect": "gen-inspect",
        "gen-link": "gen-link",
        "gen-memo": "gen-memo",
        "gen-merge": "gen-merge",
        "gen-prelude": "gen-prelude",
        "gen-product": "gen-product",
        "gen-program": "gen-program",
        "gen-schema": "gen-schema",
        "gen-scope": "gen-scope",
        "gen-select": "gen-select",
        "gen-settings": "gen-settings",
        "gen-types": "gen-types",
        "gen-view": "gen-view",
        "import-tree": "import-tree",
        "nixpkgs": "nixpkgs"
      }
    }
  },
  "root": "root",
  "version": 7
}
