{
  "nodes": {
    "gen-algebra": {
      "locked": {
        "lastModified": 1788591976,
        "narHash": "sha256-YLc+HV452w1bDUt6q0HqHIEG6N6m+DFYBlaNt74LN6A=",
        "owner": "sini",
        "repo": "gen-algebra",
        "rev": "ccec2d47ee458c5b56829bd2a89391276bb2de42",
        "type": "github"
      },
      "original": {
        "owner": "sini",
        "repo": "gen-algebra",
        "type": "github"
      }
    },
    "gen-aspects": {
      "inputs": {
        "gen-identity": [
          "gen-identity"
        ],
        "gen-merge": [
          "gen-merge"
        ],
        "gen-prelude": [
          "gen-prelude"
        ],
        "gen-schema": [
          "gen-schema"
        ]
      },
      "locked": {
        "lastModified": 1789152364,
        "narHash": "sha256-mGLmIXBUzqnW7ymb7wAD+2bbVIwfPG2V8MBFqUm2+PQ=",
        "owner": "sini",
        "repo": "gen-aspects",
        "rev": "268826493f7146dd3175efb6b0462f1925fde00c",
        "type": "github"
      },
      "original": {
        "owner": "sini",
        "repo": "gen-aspects",
        "type": "github"
      }
    },
    "gen-assemble": {
      "locked": {
        "lastModified": 1788591982,
        "narHash": "sha256-to+C5XtBi9us8bkgU+h/uQxDP1wl+otWaOj+/b5kIeM=",
        "owner": "sini",
        "repo": "gen-assemble",
        "rev": "b7bea1f4833f3f85f173a60232fdcd2bad990a3a",
        "type": "github"
      },
      "original": {
        "owner": "sini",
        "repo": "gen-assemble",
        "type": "github"
      }
    },
    "gen-bind": {
      "inputs": {
        "gen-prelude": [
          "gen-prelude"
        ]
      },
      "locked": {
        "lastModified": 1789152364,
        "narHash": "sha256-j78muaYE2PJhgXkKfVa3SJNiKT6G0jvUixRO+yaatlc=",
        "owner": "sini",
        "repo": "gen-bind",
        "rev": "7c0651991860fcc55d94b9cdd4081d01a5ce8023",
        "type": "github"
      },
      "original": {
        "owner": "sini",
        "repo": "gen-bind",
        "type": "github"
      }
    },
    "gen-class": {
      "inputs": {
        "gen-prelude": [
          "gen-prelude"
        ]
      },
      "locked": {
        "lastModified": 1789152364,
        "narHash": "sha256-ZJEwqIAt0pd/dpPcsOmXDaOPMqzBWic2mMPOd07SBRQ=",
        "owner": "sini",
        "repo": "gen-class",
        "rev": "10a1d0a8f15ec74460acfd5193b31d7c495926c2",
        "type": "github"
      },
      "original": {
        "owner": "sini",
        "repo": "gen-class",
        "type": "github"
      }
    },
    "gen-delivery": {
      "locked": {
        "lastModified": 1789152364,
        "narHash": "sha256-MHemL/S7UoKqMCNMQVSinji22zfiR6tgH5BizPuI3VQ=",
        "owner": "sini",
        "repo": "gen-delivery",
        "rev": "668179e74d286111ac05cbeff7b94aec4a4900d3",
        "type": "github"
      },
      "original": {
        "owner": "sini",
        "repo": "gen-delivery",
        "type": "github"
      }
    },
    "gen-dispatch": {
      "inputs": {
        "gen-prelude": [
          "gen-prelude"
        ]
      },
      "locked": {
        "lastModified": 1788591998,
        "narHash": "sha256-6vq52ewIR/Kf074QS3SfbgVVw2Zu5LdUZDNJxWQD8RQ=",
        "owner": "sini",
        "repo": "gen-dispatch",
        "rev": "4e59b5b5b8718b219a2e6de18fe41e432eae34c4",
        "type": "github"
      },
      "original": {
        "owner": "sini",
        "repo": "gen-dispatch",
        "type": "github"
      }
    },
    "gen-graph": {
      "inputs": {
        "gen-prelude": [
          "gen-prelude"
        ]
      },
      "locked": {
        "lastModified": 1789152365,
        "narHash": "sha256-XGQ//GTOyuXw4NJg54WtZH571isEBB/+MxUT84dlgrk=",
        "owner": "sini",
        "repo": "gen-graph",
        "rev": "42e27d1b35850194cf4f78afcb6823a1ae9eeb9b",
        "type": "github"
      },
      "original": {
        "owner": "sini",
        "repo": "gen-graph",
        "type": "github"
      }
    },
    "gen-graph_2": {
      "inputs": {
        "gen-prelude": "gen-prelude"
      },
      "locked": {
        "lastModified": 1786486136,
        "narHash": "sha256-okz6e+6XGWFdE09irVN6u3IKarugXU+s49gncYWN7pQ=",
        "owner": "sini",
        "repo": "gen-graph",
        "rev": "aa9386761d5f497c85a5f4723d76867c575457bf",
        "type": "github"
      },
      "original": {
        "owner": "sini",
        "repo": "gen-graph",
        "type": "github"
      }
    },
    "gen-identity": {
      "locked": {
        "lastModified": 1789152365,
        "narHash": "sha256-cyV3XdQ/QZ57GOF5V05JV/LkUE9ife4DJVtW06eeFLg=",
        "owner": "sini",
        "repo": "gen-identity",
        "rev": "33d931bc4a351cc240a7965399004b67f02f5e76",
        "type": "github"
      },
      "original": {
        "owner": "sini",
        "repo": "gen-identity",
        "type": "github"
      }
    },
    "gen-link": {
      "inputs": {
        "gen-algebra": [
          "gen-algebra"
        ],
        "gen-aspects": [
          "gen-aspects"
        ],
        "gen-identity": [
          "gen-identity"
        ],
        "gen-prelude": [
          "gen-prelude"
        ],
        "gen-schema": [
          "gen-schema"
        ],
        "gen-scope": [
          "gen-scope"
        ],
        "gen-view": [
          "gen-view"
        ]
      },
      "locked": {
        "lastModified": 1789152365,
        "narHash": "sha256-zswnbsrgo89NvrB5KKw7W6DiDqaukTzV1qK24FTO9Uo=",
        "owner": "sini",
        "repo": "gen-link",
        "rev": "fc0fedcac4e9150e28d746d8172571b2f946b9be",
        "type": "github"
      },
      "original": {
        "owner": "sini",
        "repo": "gen-link",
        "type": "github"
      }
    },
    "gen-memo": {
      "inputs": {
        "gen-graph": [
          "gen-graph"
        ],
        "gen-prelude": [
          "gen-prelude"
        ]
      },
      "locked": {
        "lastModified": 1789015705,
        "narHash": "sha256-t0ftmgXX4qam74LxunQWbm1ht99JyupEX6V+hxDZMCo=",
        "owner": "sini",
        "repo": "gen-memo",
        "rev": "ae775af14061c4f100d8634b4ab4f69906127783",
        "type": "github"
      },
      "original": {
        "owner": "sini",
        "repo": "gen-memo",
        "type": "github"
      }
    },
    "gen-memo_2": {
      "inputs": {
        "gen-graph": "gen-graph_2",
        "gen-prelude": "gen-prelude_2"
      },
      "locked": {
        "lastModified": 1789015705,
        "narHash": "sha256-t0ftmgXX4qam74LxunQWbm1ht99JyupEX6V+hxDZMCo=",
        "owner": "sini",
        "repo": "gen-memo",
        "rev": "ae775af14061c4f100d8634b4ab4f69906127783",
        "type": "github"
      },
      "original": {
        "owner": "sini",
        "repo": "gen-memo",
        "type": "github"
      }
    },
    "gen-merge": {
      "inputs": {
        "gen-memo": "gen-memo_2",
        "gen-prelude": [
          "gen-prelude"
        ],
        "gen-types": [
          "gen-types"
        ]
      },
      "locked": {
        "lastModified": 1789152366,
        "narHash": "sha256-dVUhWAHiJqZKhX9VnRiWCR4HiB+HqsTLFvCUyZQr7SI=",
        "owner": "sini",
        "repo": "gen-merge",
        "rev": "e1703a22929a79a9881ddccb4ad29c7de52d47e1",
        "type": "github"
      },
      "original": {
        "owner": "sini",
        "repo": "gen-merge",
        "type": "github"
      }
    },
    "gen-prelude": {
      "locked": {
        "lastModified": 1786239838,
        "narHash": "sha256-Z+fLq4FsOaBNyrtfEwhwwOmihSFnHe+Jf47VNsW9lZQ=",
        "owner": "sini",
        "repo": "gen-prelude",
        "rev": "da7056327e5f8312d73d51895039a1f319166cd4",
        "type": "github"
      },
      "original": {
        "owner": "sini",
        "repo": "gen-prelude",
        "type": "github"
      }
    },
    "gen-prelude_2": {
      "locked": {
        "lastModified": 1786239838,
        "narHash": "sha256-Z+fLq4FsOaBNyrtfEwhwwOmihSFnHe+Jf47VNsW9lZQ=",
        "owner": "sini",
        "repo": "gen-prelude",
        "rev": "da7056327e5f8312d73d51895039a1f319166cd4",
        "type": "github"
      },
      "original": {
        "owner": "sini",
        "repo": "gen-prelude",
        "type": "github"
      }
    },
    "gen-prelude_3": {
      "locked": {
        "lastModified": 1788592024,
        "narHash": "sha256-pZpps7JedArC5lVHPILEIa5js3BCIs/ZKA4oE7Ou2Z0=",
        "owner": "sini",
        "repo": "gen-prelude",
        "rev": "95a95f2816c78c6cbc814fbed47bfd736c69cab2",
        "type": "github"
      },
      "original": {
        "owner": "sini",
        "repo": "gen-prelude",
        "type": "github"
      }
    },
    "gen-product": {
      "inputs": {
        "gen-prelude": [
          "gen-prelude"
        ]
      },
      "locked": {
        "lastModified": 1788592027,
        "narHash": "sha256-lYQWXdAG5ieuzdcCTFO02fC7G2EsFrPCvhQtdh77SDg=",
        "owner": "sini",
        "repo": "gen-product",
        "rev": "edc6c1dd6c4f4cc63249ff982266bba2bc7bd25f",
        "type": "github"
      },
      "original": {
        "owner": "sini",
        "repo": "gen-product",
        "type": "github"
      }
    },
    "gen-program": {
      "locked": {
        "lastModified": 1789152366,
        "narHash": "sha256-ovt509GY0f+UFwCiBvoOHbCc6XgRH/Fi3qiQP8L3FT4=",
        "owner": "sini",
        "repo": "gen-program",
        "rev": "47ecad159db62126db4217f7c0612c6749eb4291",
        "type": "github"
      },
      "original": {
        "owner": "sini",
        "repo": "gen-program",
        "type": "github"
      }
    },
    "gen-schema": {
      "inputs": {
        "gen-algebra": [
          "gen-algebra"
        ],
        "gen-identity": [
          "gen-identity"
        ],
        "gen-merge": [
          "gen-merge"
        ],
        "gen-prelude": [
          "gen-prelude"
        ]
      },
      "locked": {
        "lastModified": 1789152366,
        "narHash": "sha256-UgylsKmsqaxnIOd2XOR5A0VekmGC36VKw9XEieINd0U=",
        "owner": "sini",
        "repo": "gen-schema",
        "rev": "7399e80bbe885fce8b923e3762d4c2962e60d1bb",
        "type": "github"
      },
      "original": {
        "owner": "sini",
        "repo": "gen-schema",
        "type": "github"
      }
    },
    "gen-scope": {
      "inputs": {
        "gen-graph": [
          "gen-graph"
        ],
        "gen-identity": [
          "gen-identity"
        ],
        "gen-prelude": [
          "gen-prelude"
        ],
        "gen-schema": [
          "gen-schema"
        ]
      },
      "locked": {
        "lastModified": 1789152366,
        "narHash": "sha256-Bc/PCY2PlCv2dELJ9LMIWZQQ2q1mar+7wFCh6Fw4m+c=",
        "owner": "sini",
        "repo": "gen-scope",
        "rev": "4430aa331ea380940df620fe8e31624903d6fdb2",
        "type": "github"
      },
      "original": {
        "owner": "sini",
        "repo": "gen-scope",
        "type": "github"
      }
    },
    "gen-select": {
      "inputs": {
        "gen-algebra": [
          "gen-algebra"
        ]
      },
      "locked": {
        "lastModified": 1788592043,
        "narHash": "sha256-dAB86R/RdBCpWJFQN5TFAZi/Uj7U+AxyNYRNq/AM8dg=",
        "owner": "sini",
        "repo": "gen-select",
        "rev": "b62b57437e762253a3baaef9539d74b856015656",
        "type": "github"
      },
      "original": {
        "owner": "sini",
        "repo": "gen-select",
        "type": "github"
      }
    },
    "gen-settings": {
      "inputs": {
        "gen-algebra": [
          "gen-algebra"
        ],
        "gen-bind": [
          "gen-bind"
        ],
        "gen-graph": [
          "gen-graph"
        ],
        "gen-identity": [
          "gen-identity"
        ],
        "gen-prelude": [
          "gen-prelude"
        ],
        "gen-schema": [
          "gen-schema"
        ],
        "gen-types": [
          "gen-types"
        ]
      },
      "locked": {
        "lastModified": 1788592046,
        "narHash": "sha256-8fAJ8cArMSHAlCamUYFVhY2ul5zARsV1wBWI52MgTJU=",
        "owner": "sini",
        "repo": "gen-settings",
        "rev": "c338f987516e16e598ef069c6d7a9301b127194e",
        "type": "github"
      },
      "original": {
        "owner": "sini",
        "repo": "gen-settings",
        "type": "github"
      }
    },
    "gen-types": {
      "inputs": {
        "gen-identity": [
          "gen-identity"
        ],
        "gen-prelude": [
          "gen-prelude"
        ]
      },
      "locked": {
        "lastModified": 1789152367,
        "narHash": "sha256-8shk2PeHcX5EYr6TtQPx2JSOtRdA6iBvhvDM4ljr1FM=",
        "owner": "sini",
        "repo": "gen-types",
        "rev": "3e30b56aeaac8bb5ed2f725a8522a5dd339e1f04",
        "type": "github"
      },
      "original": {
        "owner": "sini",
        "repo": "gen-types",
        "type": "github"
      }
    },
    "gen-view": {
      "inputs": {
        "gen-graph": [
          "gen-graph"
        ],
        "gen-prelude": [
          "gen-prelude"
        ]
      },
      "locked": {
        "lastModified": 1789152367,
        "narHash": "sha256-Vs1vAoLQiDrJlaFh9k1xwsJ2B2NmlEbFYQUXsriQaZ8=",
        "owner": "sini",
        "repo": "gen-view",
        "rev": "08aeeb4dafe55a636f02d0edbac4067483c67ec9",
        "type": "github"
      },
      "original": {
        "owner": "sini",
        "repo": "gen-view",
        "type": "github"
      }
    },
    "import-tree": {
      "locked": {
        "lastModified": 1783029876,
        "narHash": "sha256-iI88R3wHz8wTKQb5orvpc51L/Xr64AJyxid/0MKa/b8=",
        "owner": "denful",
        "repo": "import-tree",
        "rev": "a164a12202f58eb67559bd33b5592f20660d9baf",
        "type": "github"
      },
      "original": {
        "owner": "denful",
        "repo": "import-tree",
        "rev": "a164a12202f58eb67559bd33b5592f20660d9baf",
        "type": "github"
      }
    },
    "nixpkgs": {
      "locked": {
        "lastModified": 1784007870,
        "narHash": "sha256-G9I5EeMhwLckqD5QLgowA6hNBaOjG9CeYIzfSz4gZ6k=",
        "rev": "18b9261cb3294b6d2a06d03f96872827b8fe2698",
        "type": "tarball",
        "url": "https://releases.nixos.org/nixos/unstable/nixos-26.11pre1034379.18b9261cb329/nixexprs.tar.xz"
      },
      "original": {
        "type": "tarball",
        "url": "https://channels.nixos.org/nixos-unstable/nixexprs.tar.xz"
      }
    },
    "root": {
      "inputs": {
        "gen-algebra": "gen-algebra",
        "gen-aspects": "gen-aspects",
        "gen-assemble": "gen-assemble",
        "gen-bind": "gen-bind",
        "gen-class": "gen-class",
        "gen-delivery": "gen-delivery",
        "gen-dispatch": "gen-dispatch",
        "gen-graph": "gen-graph",
        "gen-identity": "gen-identity",
        "gen-link": "gen-link",
        "gen-memo": "gen-memo",
        "gen-merge": "gen-merge",
        "gen-prelude": "gen-prelude_3",
        "gen-product": "gen-product",
        "gen-program": "gen-program",
        "gen-schema": "gen-schema",
        "gen-scope": "gen-scope",
        "gen-select": "gen-select",
        "gen-settings": "gen-settings",
        "gen-types": "gen-types",
        "gen-view": "gen-view",
        "import-tree": "import-tree",
        "nixpkgs": "nixpkgs"
      }
    }
  },
  "root": "root",
  "version": 7
}
